// !$*UTF8*$!
{
	archiveVersion = 1;
	classes = {
	};
	objectVersion = 46;
	objects = {

/* Begin PBXBuildFile section */
		830F1CBE1E222A0B00E6379D /* EPubParser.framework in Frameworks */ = {isa = PBXBuildFile; fileRef = 830F1CB41E222A0B00E6379D /* EPubParser.framework */; };
		830F1CC31E222A0B00E6379D /* EPubParserTests.swift in Sources */ = {isa = PBXBuildFile; fileRef = 830F1CC21E222A0B00E6379D /* EPubParserTests.swift */; };
		830F1CC51E222A0B00E6379D /* EPubParser.h in Headers */ = {isa = PBXBuildFile; fileRef = 830F1CB71E222A0B00E6379D /* EPubParser.h */; settings = {ATTRIBUTES = (Public, ); }; };
		830F1CD01E222A8300E6379D /* EPubHelper.swift in Sources */ = {isa = PBXBuildFile; fileRef = 830F1CCE1E222A8300E6379D /* EPubHelper.swift */; };
		830F1CD11E222A8300E6379D /* EPubParser.swift in Sources */ = {isa = PBXBuildFile; fileRef = 830F1CCF1E222A8300E6379D /* EPubParser.swift */; };
		830F4D511E22338600E6379D /* crypt.h in Headers */ = {isa = PBXBuildFile; fileRef = 830F4D471E22338600E6379D /* crypt.h */; };
		830F4D521E22338600E6379D /* ioapi.c in Sources */ = {isa = PBXBuildFile; fileRef = 830F4D481E22338600E6379D /* ioapi.c */; };
		830F4D531E22338600E6379D /* ioapi.h in Headers */ = {isa = PBXBuildFile; fileRef = 830F4D491E22338600E6379D /* ioapi.h */; };
		830F4D541E22338600E6379D /* mztools.c in Sources */ = {isa = PBXBuildFile; fileRef = 830F4D4B1E22338600E6379D /* mztools.c */; };
		830F4D551E22338600E6379D /* mztools.h in Headers */ = {isa = PBXBuildFile; fileRef = 830F4D4C1E22338600E6379D /* mztools.h */; };
		830F4D561E22338600E6379D /* unzip.c in Sources */ = {isa = PBXBuildFile; fileRef = 830F4D4D1E22338600E6379D /* unzip.c */; };
		830F4D571E22338600E6379D /* unzip.h in Headers */ = {isa = PBXBuildFile; fileRef = 830F4D4E1E22338600E6379D /* unzip.h */; };
		830F4D581E22338600E6379D /* zip.c in Sources */ = {isa = PBXBuildFile; fileRef = 830F4D4F1E22338600E6379D /* zip.c */; };
		830F4D591E22338600E6379D /* zip.h in Headers */ = {isa = PBXBuildFile; fileRef = 830F4D501E22338600E6379D /* zip.h */; };
		830F4D5C1E22339900E6379D /* libz.tbd in Frameworks */ = {isa = PBXBuildFile; fileRef = 830F4D5B1E22339900E6379D /* libz.tbd */; };
/* End PBXBuildFile section */

/* Begin PBXContainerItemProxy section */
		830F1CBF1E222A0B00E6379D /* PBXContainerItemProxy */ = {
			isa = PBXContainerItemProxy;
			containerPortal = 830F1CAB1E222A0B00E6379D /* Project object */;
			proxyType = 1;
			remoteGlobalIDString = 830F1CB31E222A0B00E6379D;
			remoteInfo = EPubParser;
		};
/* End PBXContainerItemProxy section */

/* Begin PBXFileReference section */
		830F1CB41E222A0B00E6379D /* EPubParser.framework */ = {isa = PBXFileReference; explicitFileType = wrapper.framework; includeInIndex = 0; path = EPubParser.framework; sourceTree = BUILT_PRODUCTS_DIR; };
		830F1CB71E222A0B00E6379D /* EPubParser.h */ = {isa = PBXFileReference; lastKnownFileType = sourcecode.c.h; path = EPubParser.h; sourceTree = "<group>"; };
		830F1CB81E222A0B00E6379D /* Info.plist */ = {isa = PBXFileReference; lastKnownFileType = text.plist.xml; path = Info.plist; sourceTree = "<group>"; };
		830F1CBD1E222A0B00E6379D /* EPubParserTests.xctest */ = {isa = PBXFileReference; explicitFileType = wrapper.cfbundle; includeInIndex = 0; path = EPubParserTests.xctest; sourceTree = BUILT_PRODUCTS_DIR; };
		830F1CC21E222A0B00E6379D /* EPubParserTests.swift */ = {isa = PBXFileReference; lastKnownFileType = sourcecode.swift; path = EPubParserTests.swift; sourceTree = "<group>"; };
		830F1CC41E222A0B00E6379D /* Info.plist */ = {isa = PBXFileReference; lastKnownFileType = text.plist.xml; path = Info.plist; sourceTree = "<group>"; };
		830F1CCE1E222A8300E6379D /* EPubHelper.swift */ = {isa = PBXFileReference; fileEncoding = 4; lastKnownFileType = sourcecode.swift; path = EPubHelper.swift; sourceTree = "<group>"; };
		830F1CCF1E222A8300E6379D /* EPubParser.swift */ = {isa = PBXFileReference; fileEncoding = 4; lastKnownFileType = sourcecode.swift; path = EPubParser.swift; sourceTree = "<group>"; };
		830F1CD21E222ADF00E6379D /* EPubParser.podspec */ = {isa = PBXFileReference; explicitFileType = text.script.ruby; path = EPubParser.podspec; sourceTree = "<group>"; };
		830F1CD31E222AEB00E6379D /* LICENSE */ = {isa = PBXFileReference; fileEncoding = 4; lastKnownFileType = text; path = LICENSE; sourceTree = "<group>"; };
		830F1CD51E222AF400E6379D /* README.md */ = {isa = PBXFileReference; lastKnownFileType = net.daringfireball.markdown; path = README.md; sourceTree = "<group>"; };
		830F4D471E22338600E6379D /* crypt.h */ = {isa = PBXFileReference; fileEncoding = 4; lastKnownFileType = sourcecode.c.h; path = crypt.h; sourceTree = "<group>"; };
		830F4D481E22338600E6379D /* ioapi.c */ = {isa = PBXFileReference; fileEncoding = 4; lastKnownFileType = sourcecode.c.c; path = ioapi.c; sourceTree = "<group>"; };
		830F4D491E22338600E6379D /* ioapi.h */ = {isa = PBXFileReference; fileEncoding = 4; lastKnownFileType = sourcecode.c.h; path = ioapi.h; sourceTree = "<group>"; };
		830F4D4A1E22338600E6379D /* module.modulemap */ = {isa = PBXFileReference; fileEncoding = 4; lastKnownFileType = "sourcecode.module-map"; path = module.modulemap; sourceTree = "<group>"; };
		830F4D4B1E22338600E6379D /* mztools.c */ = {isa = PBXFileReference; fileEncoding = 4; lastKnownFileType = sourcecode.c.c; path = mztools.c; sourceTree = "<group>"; };
		830F4D4C1E22338600E6379D /* mztools.h */ = {isa = PBXFileReference; fileEncoding = 4; lastKnownFileType = sourcecode.c.h; path = mztools.h; sourceTree = "<group>"; };
		830F4D4D1E22338600E6379D /* unzip.c */ = {isa = PBXFileReference; fileEncoding = 4; lastKnownFileType = sourcecode.c.c; path = unzip.c; sourceTree = "<group>"; };
		830F4D4E1E22338600E6379D /* unzip.h */ = {isa = PBXFileReference; fileEncoding = 4; lastKnownFileType = sourcecode.c.h; path = unzip.h; sourceTree = "<group>"; };
		830F4D4F1E22338600E6379D /* zip.c */ = {isa = PBXFileReference; fileEncoding = 4; lastKnownFileType = sourcecode.c.c; path = zip.c; sourceTree = "<group>"; };
		830F4D501E22338600E6379D /* zip.h */ = {isa = PBXFileReference; fileEncoding = 4; lastKnownFileType = sourcecode.c.h; path = zip.h; sourceTree = "<group>"; };
		830F4D5B1E22339900E6379D /* libz.tbd */ = {isa = PBXFileReference; lastKnownFileType = "sourcecode.text-based-dylib-definition"; name = libz.tbd; path = usr/lib/libz.tbd; sourceTree = SDKROOT; };
/* End PBXFileReference section */

/* Begin PBXFrameworksBuildPhase section */
		830F1CB01E222A0B00E6379D /* Frameworks */ = {
			isa = PBXFrameworksBuildPhase;
			buildActionMask = 2147483647;
			files = (
				830F4D5C1E22339900E6379D /* libz.tbd in Frameworks */,
			);
			runOnlyForDeploymentPostprocessing = 0;
		};
		830F1CBA1E222A0B00E6379D /* Frameworks */ = {
			isa = PBXFrameworksBuildPhase;
			buildActionMask = 2147483647;
			files = (
				830F1CBE1E222A0B00E6379D /* EPubParser.framework in Frameworks */,
			);
			runOnlyForDeploymentPostprocessing = 0;
		};
/* End PBXFrameworksBuildPhase section */

/* Begin PBXGroup section */
		830F1CAA1E222A0B00E6379D = {
			isa = PBXGroup;
			children = (
				830F1CD31E222AEB00E6379D /* LICENSE */,
				830F1CD51E222AF400E6379D /* README.md */,
				830F1CD21E222ADF00E6379D /* EPubParser.podspec */,
				830F1CB61E222A0B00E6379D /* EPubParser */,
				830F1CC11E222A0B00E6379D /* EPubParserTests */,
				830F1CB51E222A0B00E6379D /* Products */,
			);
			sourceTree = "<group>";
		};
		830F1CB51E222A0B00E6379D /* Products */ = {
			isa = PBXGroup;
			children = (
				830F1CB41E222A0B00E6379D /* EPubParser.framework */,
				830F1CBD1E222A0B00E6379D /* EPubParserTests.xctest */,
			);
			name = Products;
			sourceTree = "<group>";
		};
		830F1CB61E222A0B00E6379D /* EPubParser */ = {
			isa = PBXGroup;
			children = (
				830F1CB81E222A0B00E6379D /* Info.plist */,
				830F4D5B1E22339900E6379D /* libz.tbd */,
				830F1CB71E222A0B00E6379D /* EPubParser.h */,
				830F1CCE1E222A8300E6379D /* EPubHelper.swift */,
				830F1CCF1E222A8300E6379D /* EPubParser.swift */,
				830F4D461E22338600E6379D /* minizip */,
			);
			path = EPubParser;
			sourceTree = "<group>";
		};
		830F1CC11E222A0B00E6379D /* EPubParserTests */ = {
			isa = PBXGroup;
			children = (
				830F1CC21E222A0B00E6379D /* EPubParserTests.swift */,
				830F1CC41E222A0B00E6379D /* Info.plist */,
			);
			path = EPubParserTests;
			sourceTree = "<group>";
		};
		830F4D461E22338600E6379D /* minizip */ = {
			isa = PBXGroup;
			children = (
				830F4D471E22338600E6379D /* crypt.h */,
				830F4D481E22338600E6379D /* ioapi.c */,
				830F4D491E22338600E6379D /* ioapi.h */,
				830F4D4A1E22338600E6379D /* module.modulemap */,
				830F4D4B1E22338600E6379D /* mztools.c */,
				830F4D4C1E22338600E6379D /* mztools.h */,
				830F4D4D1E22338600E6379D /* unzip.c */,
				830F4D4E1E22338600E6379D /* unzip.h */,
				830F4D4F1E22338600E6379D /* zip.c */,
				830F4D501E22338600E6379D /* zip.h */,
			);
			path = minizip;
			sourceTree = "<group>";
		};
/* End PBXGroup section */

/* Begin PBXHeadersBuildPhase section */
		830F1CB11E222A0B00E6379D /* Headers */ = {
			isa = PBXHeadersBuildPhase;
			buildActionMask = 2147483647;
			files = (
				830F4D591E22338600E6379D /* zip.h in Headers */,
				830F4D531E22338600E6379D /* ioapi.h in Headers */,
				830F4D571E22338600E6379D /* unzip.h in Headers */,
				830F1CC51E222A0B00E6379D /* EPubParser.h in Headers */,
				830F4D511E22338600E6379D /* crypt.h in Headers */,
				830F4D551E22338600E6379D /* mztools.h in Headers */,
			);
			runOnlyForDeploymentPostprocessing = 0;
		};
/* End PBXHeadersBuildPhase section */

/* Begin PBXNativeTarget section */
		830F1CB31E222A0B00E6379D /* EPubParser */ = {
			isa = PBXNativeTarget;
			buildConfigurationList = 830F1CC81E222A0B00E6379D /* Build configuration list for PBXNativeTarget "EPubParser" */;
			buildPhases = (
				830F1CAF1E222A0B00E6379D /* Sources */,
				830F1CB01E222A0B00E6379D /* Frameworks */,
				830F1CB11E222A0B00E6379D /* Headers */,
				830F1CB21E222A0B00E6379D /* Resources */,
			);
			buildRules = (
			);
			dependencies = (
			);
			name = EPubParser;
			productName = EPubParser;
			productReference = 830F1CB41E222A0B00E6379D /* EPubParser.framework */;
			productType = "com.apple.product-type.framework";
		};
		830F1CBC1E222A0B00E6379D /* EPubParserTests */ = {
			isa = PBXNativeTarget;
			buildConfigurationList = 830F1CCB1E222A0B00E6379D /* Build configuration list for PBXNativeTarget "EPubParserTests" */;
			buildPhases = (
				830F1CB91E222A0B00E6379D /* Sources */,
				830F1CBA1E222A0B00E6379D /* Frameworks */,
				830F1CBB1E222A0B00E6379D /* Resources */,
			);
			buildRules = (
			);
			dependencies = (
				830F1CC01E222A0B00E6379D /* PBXTargetDependency */,
			);
			name = EPubParserTests;
			productName = EPubParserTests;
			productReference = 830F1CBD1E222A0B00E6379D /* EPubParserTests.xctest */;
			productType = "com.apple.product-type.bundle.unit-test";
		};
/* End PBXNativeTarget section */

/* Begin PBXProject section */
		830F1CAB1E222A0B00E6379D /* Project object */ = {
			isa = PBXProject;
			attributes = {
				LastSwiftUpdateCheck = 0810;
				LastUpgradeCheck = 0810;
				ORGANIZATIONNAME = "Davin Ahn";
				TargetAttributes = {
					830F1CB31E222A0B00E6379D = {
						CreatedOnToolsVersion = 8.1;
						DevelopmentTeam = 5T272M2H63;
						LastSwiftMigration = 0810;
						ProvisioningStyle = Automatic;
					};
					830F1CBC1E222A0B00E6379D = {
						CreatedOnToolsVersion = 8.1;
						DevelopmentTeam = 5T272M2H63;
						ProvisioningStyle = Automatic;
					};
				};
			};
			buildConfigurationList = 830F1CAE1E222A0B00E6379D /* Build configuration list for PBXProject "EPubParser" */;
			compatibilityVersion = "Xcode 3.2";
			developmentRegion = English;
			hasScannedForEncodings = 0;
			knownRegions = (
				en,
			);
			mainGroup = 830F1CAA1E222A0B00E6379D;
			productRefGroup = 830F1CB51E222A0B00E6379D /* Products */;
			projectDirPath = "";
			projectRoot = "";
			targets = (
				830F1CB31E222A0B00E6379D /* EPubParser */,
				830F1CBC1E222A0B00E6379D /* EPubParserTests */,
			);
		};
/* End PBXProject section */

/* Begin PBXResourcesBuildPhase section */
		830F1CB21E222A0B00E6379D /* Resources */ = {
			isa = PBXResourcesBuildPhase;
			buildActionMask = 2147483647;
			files = (
			);
			runOnlyForDeploymentPostprocessing = 0;
		};
		830F1CBB1E222A0B00E6379D /* Resources */ = {
			isa = PBXResourcesBuildPhase;
			buildActionMask = 2147483647;
			files = (
			);
			runOnlyForDeploymentPostprocessing = 0;
		};
/* End PBXResourcesBuildPhase section */

/* Begin PBXSourcesBuildPhase section */
		830F1CAF1E222A0B00E6379D /* Sources */ = {
			isa = PBXSourcesBuildPhase;
			buildActionMask = 2147483647;
			files = (
				830F4D521E22338600E6379D /* ioapi.c in Sources */,
				830F4D561E22338600E6379D /* unzip.c in Sources */,
				830F1CD11E222A8300E6379D /* EPubParser.swift in Sources */,
				830F4D581E22338600E6379D /* zip.c in Sources */,
				830F4D541E22338600E6379D /* mztools.c in Sources */,
				830F1CD01E222A8300E6379D /* EPubHelper.swift in Sources */,
			);
			runOnlyForDeploymentPostprocessing = 0;
		};
		830F1CB91E222A0B00E6379D /* Sources */ = {
			isa = PBXSourcesBuildPhase;
			buildActionMask = 2147483647;
			files = (
				830F1CC31E222A0B00E6379D /* EPubParserTests.swift in Sources */,
			);
			runOnlyForDeploymentPostprocessing = 0;
		};
/* End PBXSourcesBuildPhase section */

/* Begin PBXTargetDependency section */
		830F1CC01E222A0B00E6379D /* PBXTargetDependency */ = {
			isa = PBXTargetDependency;
			target = 830F1CB31E222A0B00E6379D /* EPubParser */;
			targetProxy = 830F1CBF1E222A0B00E6379D /* PBXContainerItemProxy */;
		};
/* End PBXTargetDependency section */

/* Begin XCBuildConfiguration section */
		830F1CC61E222A0B00E6379D /* Debug */ = {
			isa = XCBuildConfiguration;
			buildSettings = {
				ALWAYS_SEARCH_USER_PATHS = NO;
				CLANG_ANALYZER_NONNULL = YES;
				CLANG_CXX_LANGUAGE_STANDARD = "gnu++0x";
				CLANG_CXX_LIBRARY = "libc++";
				CLANG_ENABLE_MODULES = YES;
				CLANG_ENABLE_OBJC_ARC = YES;
				CLANG_WARN_BOOL_CONVERSION = YES;
				CLANG_WARN_CONSTANT_CONVERSION = YES;
				CLANG_WARN_DIRECT_OBJC_ISA_USAGE = YES_ERROR;
				CLANG_WARN_DOCUMENTATION_COMMENTS = YES;
				CLANG_WARN_EMPTY_BODY = YES;
				CLANG_WARN_ENUM_CONVERSION = YES;
				CLANG_WARN_INFINITE_RECURSION = YES;
				CLANG_WARN_INT_CONVERSION = YES;
				CLANG_WARN_OBJC_ROOT_CLASS = YES_ERROR;
				CLANG_WARN_SUSPICIOUS_MOVES = YES;
				CLANG_WARN_UNREACHABLE_CODE = YES;
				CLANG_WARN__DUPLICATE_METHOD_MATCH = YES;
				"CODE_SIGN_IDENTITY[sdk=iphoneos*]" = "iPhone Developer";
				COPY_PHASE_STRIP = NO;
				CURRENT_PROJECT_VERSION = 1;
				DEBUG_INFORMATION_FORMAT = dwarf;
				ENABLE_STRICT_OBJC_MSGSEND = YES;
				ENABLE_TESTABILITY = YES;
				GCC_C_LANGUAGE_STANDARD = gnu99;
				GCC_DYNAMIC_NO_PIC = NO;
				GCC_NO_COMMON_BLOCKS = YES;
				GCC_OPTIMIZATION_LEVEL = 0;
				GCC_PREPROCESSOR_DEFINITIONS = (
					"DEBUG=1",
					"$(inherited)",
				);
				GCC_WARN_64_TO_32_BIT_CONVERSION = YES;
				GCC_WARN_ABOUT_RETURN_TYPE = YES_ERROR;
				GCC_WARN_UNDECLARED_SELECTOR = YES;
				GCC_WARN_UNINITIALIZED_AUTOS = YES_AGGRESSIVE;
				GCC_WARN_UNUSED_FUNCTION = YES;
				GCC_WARN_UNUSED_VARIABLE = YES;
				IPHONEOS_DEPLOYMENT_TARGET = 8.0;
				MTL_ENABLE_DEBUG_INFO = YES;
				ONLY_ACTIVE_ARCH = YES;
				SDKROOT = iphoneos;
				SWIFT_ACTIVE_COMPILATION_CONDITIONS = DEBUG;
				SWIFT_OPTIMIZATION_LEVEL = "-Onone";
				TARGETED_DEVICE_FAMILY = "1,2";
				VERSIONING_SYSTEM = "apple-generic";
				VERSION_INFO_PREFIX = "";
			};
			name = Debug;
		};
		830F1CC71E222A0B00E6379D /* Release */ = {
			isa = XCBuildConfiguration;
			buildSettings = {
				ALWAYS_SEARCH_USER_PATHS = NO;
				CLANG_ANALYZER_NONNULL = YES;
				CLANG_CXX_LANGUAGE_STANDARD = "gnu++0x";
				CLANG_CXX_LIBRARY = "libc++";
				CLANG_ENABLE_MODULES = YES;
				CLANG_ENABLE_OBJC_ARC = YES;
				CLANG_WARN_BOOL_CONVERSION = YES;
				CLANG_WARN_CONSTANT_CONVERSION = YES;
				CLANG_WARN_DIRECT_OBJC_ISA_USAGE = YES_ERROR;
				CLANG_WARN_DOCUMENTATION_COMMENTS = YES;
				CLANG_WARN_EMPTY_BODY = YES;
				CLANG_WARN_ENUM_CONVERSION = YES;
				CLANG_WARN_INFINITE_RECURSION = YES;
				CLANG_WARN_INT_CONVERSION = YES;
				CLANG_WARN_OBJC_ROOT_CLASS = YES_ERROR;
				CLANG_WARN_SUSPICIOUS_MOVES = YES;
				CLANG_WARN_UNREACHABLE_CODE = YES;
				CLANG_WARN__DUPLICATE_METHOD_MATCH = YES;
				"CODE_SIGN_IDENTITY[sdk=iphoneos*]" = "iPhone Developer";
				COPY_PHASE_STRIP = NO;
				CURRENT_PROJECT_VERSION = 1;
				DEBUG_INFORMATION_FORMAT = "dwarf-with-dsym";
				ENABLE_NS_ASSERTIONS = NO;
				ENABLE_STRICT_OBJC_MSGSEND = YES;
				GCC_C_LANGUAGE_STANDARD = gnu99;
				GCC_NO_COMMON_BLOCKS = YES;
				GCC_WARN_64_TO_32_BIT_CONVERSION = YES;
				GCC_WARN_ABOUT_RETURN_TYPE = YES_ERROR;
				GCC_WARN_UNDECLARED_SELECTOR = YES;
				GCC_WARN_UNINITIALIZED_AUTOS = YES_AGGRESSIVE;
				GCC_WARN_UNUSED_FUNCTION = YES;
				GCC_WARN_UNUSED_VARIABLE = YES;
				IPHONEOS_DEPLOYMENT_TARGET = 8.0;
				MTL_ENABLE_DEBUG_INFO = NO;
				SDKROOT = iphoneos;
				SWIFT_OPTIMIZATION_LEVEL = "-Owholemodule";
				TARGETED_DEVICE_FAMILY = "1,2";
				VALIDATE_PRODUCT = YES;
				VERSIONING_SYSTEM = "apple-generic";
				VERSION_INFO_PREFIX = "";
			};
			name = Release;
		};
		830F1CC91E222A0B00E6379D /* Debug */ = {
			isa = XCBuildConfiguration;
			buildSettings = {
				CLANG_ALLOW_NON_MODULAR_INCLUDES_IN_FRAMEWORK_MODULES = YES;
				CLANG_ENABLE_MODULES = YES;
				CODE_SIGN_IDENTITY = "";
				DEFINES_MODULE = YES;
				DEVELOPMENT_TEAM = 5T272M2H63;
				DYLIB_COMPATIBILITY_VERSION = 1;
				DYLIB_CURRENT_VERSION = 1;
				DYLIB_INSTALL_NAME_BASE = "@rpath";
				INFOPLIST_FILE = EPubParser/Info.plist;
				INSTALL_PATH = "$(LOCAL_LIBRARY_DIR)/Frameworks";
				LD_RUNPATH_SEARCH_PATHS = "$(inherited) @executable_path/Frameworks @loader_path/Frameworks";
				LIBRARY_SEARCH_PATHS = "$(SRCROOT)/EPubParser/**";
				PRODUCT_BUNDLE_IDENTIFIER = com.davin.EPubParser;
				PRODUCT_NAME = "$(TARGET_NAME)";
				SKIP_INSTALL = YES;
				SWIFT_INCLUDE_PATHS = "$(SRCROOT)/EPubParser/minizip/**";
				SWIFT_OPTIMIZATION_LEVEL = "-Onone";
				SWIFT_VERSION = 3.0;
			};
			name = Debug;
		};
		830F1CCA1E222A0B00E6379D /* Release */ = {
			isa = XCBuildConfiguration;
			buildSettings = {
				CLANG_ALLOW_NON_MODULAR_INCLUDES_IN_FRAMEWORK_MODULES = YES;
				CLANG_ENABLE_MODULES = YES;
				CODE_SIGN_IDENTITY = "";
				DEFINES_MODULE = YES;
				DEVELOPMENT_TEAM = 5T272M2H63;
				DYLIB_COMPATIBILITY_VERSION = 1;
				DYLIB_CURRENT_VERSION = 1;
				DYLIB_INSTALL_NAME_BASE = "@rpath";
				INFOPLIST_FILE = EPubParser/Info.plist;
				INSTALL_PATH = "$(LOCAL_LIBRARY_DIR)/Frameworks";
				LD_RUNPATH_SEARCH_PATHS = "$(inherited) @executable_path/Frameworks @loader_path/Frameworks";
				LIBRARY_SEARCH_PATHS = "$(SRCROOT)/EPubParser/**";
				PRODUCT_BUNDLE_IDENTIFIER = com.davin.EPubParser;
				PRODUCT_NAME = "$(TARGET_NAME)";
				SKIP_INSTALL = YES;
				SWIFT_VERSION = 3.0;
				SWIFT_INCLUDE_PATHS = "$(SRCROOT)/EPubParser/minizip/**";
			};
			name = Release;
		};
		830F1CCC1E222A0B00E6379D /* Debug */ = {
			isa = XCBuildConfiguration;
			buildSettings = {
				ALWAYS_EMBED_SWIFT_STANDARD_LIBRARIES = YES;
				DEVELOPMENT_TEAM = 5T272M2H63;
				INFOPLIST_FILE = EPubParserTests/Info.plist;
				LD_RUNPATH_SEARCH_PATHS = "$(inherited) @executable_path/Frameworks @loader_path/Frameworks";
				PRODUCT_BUNDLE_IDENTIFIER = com.davin.EPubParserTests;
				PRODUCT_NAME = "$(TARGET_NAME)";
				SWIFT_VERSION = 3.0;
			};
			name = Debug;
		};
		830F1CCD1E222A0B00E6379D /* Release */ = {
			isa = XCBuildConfiguration;
			buildSettings = {
				ALWAYS_EMBED_SWIFT_STANDARD_LIBRARIES = YES;
				DEVELOPMENT_TEAM = 5T272M2H63;
				INFOPLIST_FILE = EPubParserTests/Info.plist;
				LD_RUNPATH_SEARCH_PATHS = "$(inherited) @executable_path/Frameworks @loader_path/Frameworks";
				PRODUCT_BUNDLE_IDENTIFIER = com.davin.EPubParserTests;
				PRODUCT_NAME = "$(TARGET_NAME)";
				SWIFT_VERSION = 3.0;
			};
			name = Release;
		};
/* End XCBuildConfiguration section */

/* Begin XCConfigurationList section */
		830F1CAE1E222A0B00E6379D /* Build configuration list for PBXProject "EPubParser" */ = {
			isa = XCConfigurationList;
			buildConfigurations = (
				830F1CC61E222A0B00E6379D /* Debug */,
				830F1CC71E222A0B00E6379D /* Release */,
			);
			defaultConfigurationIsVisible = 0;
			defaultConfigurationName = Release;
		};
		830F1CC81E222A0B00E6379D /* Build configuration list for PBXNativeTarget "EPubParser" */ = {
			isa = XCConfigurationList;
			buildConfigurations = (
				830F1CC91E222A0B00E6379D /* Debug */,
				830F1CCA1E222A0B00E6379D /* Release */,
			);
			defaultConfigurationIsVisible = 0;
			defaultConfigurationName = Release;
		};
		830F1CCB1E222A0B00E6379D /* Build configuration list for PBXNativeTarget "EPubParserTests" */ = {
			isa = XCConfigurationList;
			buildConfigurations = (
				830F1CCC1E222A0B00E6379D /* Debug */,
				830F1CCD1E222A0B00E6379D /* Release */,
			);
			defaultConfigurationIsVisible = 0;
			defaultConfigurationName = Release;
		};
/* End XCConfigurationList section */
	};
	rootObject = 830F1CAB1E222A0B00E6379D /* Project object */;
}
